
Microsoft Visual Studio Solution File, Format Version 12.00
# Visual Studio Version 16
VisualStudioVersion = 16.0.30621.155
MinimumVisualStudioVersion = 10.0.40219.1
Project("{9A19103F-16F7-4668-BE54-9A1E7A4F7556}") = "YazYaz", "YazYaz\YazYaz.csproj", "{616D72F2-6D8F-4842-B693-C32B7ACCD695}"
EndProject
Global
	GlobalSection(SolutionConfigurationPlatforms) = preSolution
		Debug|Any CPU = Debug|Any CPU
		Release|Any CPU = Release|Any CPU
	EndGlobalSection
	GlobalSection(ProjectConfigurationPlatforms) = postSolution
		{616D72F2-6D8F-4842-B693-C32B7ACCD695}.Debug|Any CPU.ActiveCfg = Debug|Any CPU
		{616D72F2-6D8F-4842-B693-C32B7ACCD695}.Debug|Any CPU.Build.0 = Debug|Any CPU
		{616D72F2-6D8F-4842-B693-C32B7ACCD695}.Release|Any CPU.ActiveCfg = Release|Any CPU
		{616D72F2-6D8F-4842-B693-C32B7ACCD695}.Release|Any CPU.Build.0 = Release|Any CPU
	EndGlobalSection
	GlobalSection(SolutionProperties) = preSolution
		HideSolutionNode = FALSE
	EndGlobalSection
	GlobalSection(ExtensibilityGlobals) = postSolution
		SolutionGuid = {5B2F7603-A42B-428F-8555-7CA4297C591B}
	EndGlobalSection
EndGlobal
